
Microsoft Visual Studio Solution File, Format Version 12.00
# Visual Studio Version 16
VisualStudioVersion = 25.0.1706.4
MinimumVisualStudioVersion = 10.0.40219.1
Project("{FAE04EC0-301F-11D3-BF4B-00C04F79EFBC}") = "Pizza_Calories", "Pizza_Calories.csproj", "{35943572-F321-486B-BB5E-9B184DA8A605}"
EndProject
Global
	GlobalSection(SolutionConfigurationPlatforms) = preSolution
		Debug|Any CPU = Debug|Any CPU
		Release|Any CPU = Release|Any CPU
	EndGlobalSection
	GlobalSection(ProjectConfigurationPlatforms) = postSolution
		{35943572-F321-486B-BB5E-9B184DA8A605}.Debug|Any CPU.ActiveCfg = Debug|Any CPU
		{35943572-F321-486B-BB5E-9B184DA8A605}.Debug|Any CPU.Build.0 = Debug|Any CPU
		{35943572-F321-486B-BB5E-9B184DA8A605}.Release|Any CPU.ActiveCfg = Release|Any CPU
		{35943572-F321-486B-BB5E-9B184DA8A605}.Release|Any CPU.Build.0 = Release|Any CPU
	EndGlobalSection
	GlobalSection(SolutionProperties) = preSolution
		HideSolutionNode = FALSE
	EndGlobalSection
	GlobalSection(ExtensibilityGlobals) = postSolution
		SolutionGuid = {BDFF6322-62A2-4BEF-8E61-12ED944D3525}
	EndGlobalSection
EndGlobal
